
Microsoft Visual Studio Solution File, Format Version 12.00
# Visual Studio Version 16
VisualStudioVersion = 16.0.29519.87
MinimumVisualStudioVersion = 10.0.40219.1
Project("{FAE04EC0-301F-11D3-BF4B-00C04F79EFBC}") = "TCKİMLİKALGORİTMASI", "TCKİMLİKALGORİTMASI\TCKİMLİKALGORİTMASI.csproj", "{AED5B63E-C1D0-4F63-A878-47BBA3A3E202}"
EndProject
Global
	GlobalSection(SolutionConfigurationPlatforms) = preSolution
		Debug|Any CPU = Debug|Any CPU
		Release|Any CPU = Release|Any CPU
	EndGlobalSection
	GlobalSection(ProjectConfigurationPlatforms) = postSolution
		{AED5B63E-C1D0-4F63-A878-47BBA3A3E202}.Debug|Any CPU.ActiveCfg = Debug|Any CPU
		{AED5B63E-C1D0-4F63-A878-47BBA3A3E202}.Debug|Any CPU.Build.0 = Debug|Any CPU
		{AED5B63E-C1D0-4F63-A878-47BBA3A3E202}.Release|Any CPU.ActiveCfg = Release|Any CPU
		{AED5B63E-C1D0-4F63-A878-47BBA3A3E202}.Release|Any CPU.Build.0 = Release|Any CPU
	EndGlobalSection
	GlobalSection(SolutionProperties) = preSolution
		HideSolutionNode = FALSE
	EndGlobalSection
	GlobalSection(ExtensibilityGlobals) = postSolution
		SolutionGuid = {7850E98D-F25D-4814-9B7C-D68D865062C8}
	EndGlobalSection
EndGlobal
